
Microsoft Visual Studio Solution File, Format Version 12.00
# Visual Studio 15
VisualStudioVersion = 15.0.27428.2015
MinimumVisualStudioVersion = 10.0.40219.1
Project("{FAE04EC0-301F-11D3-BF4B-00C04F79EFBC}") = "LojaVirtual", "LojaVirtual\LojaVirtual.csproj", "{8F37F203-0BAB-43D8-B90F-B729F82CA9F7}"
EndProject
Project("{FAE04EC0-301F-11D3-BF4B-00C04F79EFBC}") = "LojaVirtual.Tests", "LojaVirtual.Tests\LojaVirtual.Tests.csproj", "{C8466BDC-34DE-4F10-A603-1181EE8D8DBD}"
EndProject
Global
	GlobalSection(SolutionConfigurationPlatforms) = preSolution
		Debug|Any CPU = Debug|Any CPU
		Release|Any CPU = Release|Any CPU
	EndGlobalSection
	GlobalSection(ProjectConfigurationPlatforms) = postSolution
		{8F37F203-0BAB-43D8-B90F-B729F82CA9F7}.Debug|Any CPU.ActiveCfg = Debug|Any CPU
		{8F37F203-0BAB-43D8-B90F-B729F82CA9F7}.Debug|Any CPU.Build.0 = Debug|Any CPU
		{8F37F203-0BAB-43D8-B90F-B729F82CA9F7}.Release|Any CPU.ActiveCfg = Release|Any CPU
		{8F37F203-0BAB-43D8-B90F-B729F82CA9F7}.Release|Any CPU.Build.0 = Release|Any CPU
		{C8466BDC-34DE-4F10-A603-1181EE8D8DBD}.Debug|Any CPU.ActiveCfg = Debug|Any CPU
		{C8466BDC-34DE-4F10-A603-1181EE8D8DBD}.Debug|Any CPU.Build.0 = Debug|Any CPU
		{C8466BDC-34DE-4F10-A603-1181EE8D8DBD}.Release|Any CPU.ActiveCfg = Release|Any CPU
		{C8466BDC-34DE-4F10-A603-1181EE8D8DBD}.Release|Any CPU.Build.0 = Release|Any CPU
	EndGlobalSection
	GlobalSection(SolutionProperties) = preSolution
		HideSolutionNode = FALSE
	EndGlobalSection
	GlobalSection(ExtensibilityGlobals) = postSolution
		SolutionGuid = {8586C1F6-7C8E-4834-AA4E-A233490685A8}
	EndGlobalSection
EndGlobal
